{
    "version": 3,
    "terraform_version": "0.11.11",
    "serial": 2,
    "lineage": "ca474d00-3b3f-e100-1317-3a64b52ce4d2",
    "modules": [
        {
            "path": [
                "root"
            ],
            "outputs": {},
            "resources": {
                "aws_instance.win-example": {
                    "type": "aws_instance",
                    "depends_on": [
                        "aws_key_pair.mykey"
                    ],
                    "primary": {
                        "id": "i-0a07a16af92dc98b0",
                        "attributes": {
                            "ami": "ami-05bb2dae0b1de90b3",
                            "arn": "arn:aws:ec2:us-east-1:005335268990:instance/i-0a07a16af92dc98b0",
                            "associate_public_ip_address": "true",
                            "availability_zone": "us-east-1e",
                            "cpu_core_count": "1",
                            "cpu_threads_per_core": "1",
                            "credit_specification.#": "1",
                            "credit_specification.0.cpu_credits": "standard",
                            "disable_api_termination": "false",
                            "ebs_block_device.#": "0",
                            "ebs_optimized": "false",
                            "ephemeral_block_device.#": "0",
                            "get_password_data": "false",
                            "hibernation": "false",
                            "iam_instance_profile": "",
                            "id": "i-0a07a16af92dc98b0",
                            "instance_state": "running",
                            "instance_type": "t2.micro",
                            "ipv6_address_count": "0",
                            "ipv6_addresses.#": "0",
                            "key_name": "mykey",
                            "metadata_options.#": "1",
                            "metadata_options.0.http_endpoint": "enabled",
                            "metadata_options.0.http_put_response_hop_limit": "1",
                            "metadata_options.0.http_tokens": "optional",
                            "monitoring": "false",
                            "network_interface.#": "0",
                            "outpost_arn": "",
                            "password_data": "",
                            "placement_group": "",
                            "primary_network_interface_id": "eni-0d8d6a1532f684bbc",
                            "private_dns": "ip-172-31-59-223.ec2.internal",
                            "private_ip": "172.31.59.223",
                            "public_dns": "",
                            "public_ip": "54.198.82.253",
                            "root_block_device.#": "1",
                            "root_block_device.0.delete_on_termination": "true",
                            "root_block_device.0.device_name": "/dev/sda1",
                            "root_block_device.0.encrypted": "false",
                            "root_block_device.0.iops": "100",
                            "root_block_device.0.kms_key_id": "",
                            "root_block_device.0.volume_id": "vol-0f97f72fc9ce3e6fd",
                            "root_block_device.0.volume_size": "30",
                            "root_block_device.0.volume_type": "gp2",
                            "security_groups.#": "1",
                            "security_groups.3814588639": "default",
                            "source_dest_check": "true",
                            "subnet_id": "subnet-32909a0c",
                            "tags.%": "0",
                            "tenancy": "default",
                            "user_data": "d77f91c8777f9df6eb01e96fd111aca822b08988",
                            "volume_tags.%": "0",
                            "vpc_security_group_ids.#": "1",
                            "vpc_security_group_ids.3374063332": "sg-4c86016f"
                        },
                        "meta": {
                            "e2bfb730-ecaa-11e6-8f88-34363bc7c4c0": {
                                "create": 600000000000,
                                "delete": 1200000000000,
                                "update": 600000000000
                            },
                            "schema_version": "1"
                        },
                        "tainted": true
                    },
                    "deposed": [],
                    "provider": "provider.aws"
                },
                "aws_key_pair.mykey": {
                    "type": "aws_key_pair",
                    "depends_on": [],
                    "primary": {
                        "id": "mykey",
                        "attributes": {
                            "fingerprint": "22:58:0d:8b:3e:40:df:ec:48:4b:fa:2b:90:5b:d3:d0",
                            "id": "mykey",
                            "key_name": "mykey",
                            "key_pair_id": "key-0e99c9e5de98589f6",
                            "public_key": "ssh-rsa AAAAB3NzaC1yc2EAAAADAQABAAABAQC+02EllGRrIvhzOr/pfNNIkKiPDiXx3fiqxNMGm/dElqH70DbdZdjAcp1epSWDEOd921FzpyJE6ha8jalcVZskImYShTrkAske2umDH3oVMIeX0IxjuDaRc0poiTJt7WsKmT725BehTgFzXaNYWfQPPBcEz9gk+usDVfaA00Olz+lnit+bMjrqwdFYSp+z6DY7qJ2KTepatpj41mnjR2tKE6KPpc8TohyOee+yoUrHQ4tNgXNZqCqXP+nkxfw95xqJZRO1OfSw8oEavtzWehJ0qQlk9BZ2lT59ELdEQs4BrddE7q/8Idlr/Plf07CUchSrvkYrUFqH4sBQnE/PoDID bunty@mint.example.com",
                            "tags.%": "0"
                        },
                        "meta": {
                            "schema_version": "1"
                        },
                        "tainted": false
                    },
                    "deposed": [],
                    "provider": "provider.aws"
                }
            },
            "depends_on": []
        }
    ]
}
